
Microsoft Visual Studio Solution File, Format Version 12.00
# Visual Studio Version 16
VisualStudioVersion = 16.0.29613.14
MinimumVisualStudioVersion = 10.0.40219.1
Project("{FAE04EC0-301F-11D3-BF4B-00C04F79EFBC}") = "GB2MS2Updater", "GB2MS2Updater\GB2MS2Updater.csproj", "{56E838DD-9C83-4A20-9565-27D4A6362F77}"
EndProject
Global
	GlobalSection(SolutionConfigurationPlatforms) = preSolution
		Debug|Any CPU = Debug|Any CPU
		Release|Any CPU = Release|Any CPU
	EndGlobalSection
	GlobalSection(ProjectConfigurationPlatforms) = postSolution
		{56E838DD-9C83-4A20-9565-27D4A6362F77}.Debug|Any CPU.ActiveCfg = Debug|Any CPU
		{56E838DD-9C83-4A20-9565-27D4A6362F77}.Debug|Any CPU.Build.0 = Debug|Any CPU
		{56E838DD-9C83-4A20-9565-27D4A6362F77}.Release|Any CPU.ActiveCfg = Release|Any CPU
		{56E838DD-9C83-4A20-9565-27D4A6362F77}.Release|Any CPU.Build.0 = Release|Any CPU
	EndGlobalSection
	GlobalSection(SolutionProperties) = preSolution
		HideSolutionNode = FALSE
	EndGlobalSection
	GlobalSection(ExtensibilityGlobals) = postSolution
		SolutionGuid = {D0C896A6-A99E-4B1B-BE57-41202C90F2FF}
	EndGlobalSection
EndGlobal
